PODS:
  - MobileVLCKit (3.6.0)
  - SwiftLint (0.58.2)

DEPENDENCIES:
  - MobileVLCKit (= 3.6.0)
  - SwiftLint

SPEC REPOS:
  https://github.com/CocoaPods/Specs.git:
    - MobileVLCKit
    - SwiftLint

SPEC CHECKSUMS:
  MobileVLCKit: 8fe98ae53b7464f32e4bdf527cc7d53053e4d3a5
  SwiftLint: 365bcd9ffc83d0deb874e833556d82549919d6cd

PODFILE CHECKSUM: 4f246f4afab9e90b6818b15e4c8470aa67962390

COCOAPODS: 1.16.2
