PODS:
  - MobileVLCKit (3.3.14)
  - SwiftLint (0.42.0)

DEPENDENCIES:
  - MobileVLCKit (= 3.3.14)
  - SwiftLint

SPEC REPOS:
  https://github.com/CocoaPods/Specs.git:
    - MobileVLCKit
    - SwiftLint

SPEC CHECKSUMS:
  MobileVLCKit: 7f5065858eb9c29a91743c3554654d2e81b85db2
  SwiftLint: 4fa9579c63416865179bc416f0a92d55f009600d

PODFILE CHECKSUM: c0324cb7396b24084195aa775d3b881c186fa344

COCOAPODS: 1.9.3
