PODS:
  - MobileVLCKit (3.6.0)
  - SwiftLint (0.58.2)

DEPENDENCIES:
  - MobileVLCKit
  - SwiftLint

SPEC REPOS:
  https://github.com/CocoaPods/Specs.git:
    - MobileVLCKit
    - SwiftLint

SPEC CHECKSUMS:
  MobileVLCKit: 8fe98ae53b7464f32e4bdf527cc7d53053e4d3a5
  SwiftLint: 365bcd9ffc83d0deb874e833556d82549919d6cd

PODFILE CHECKSUM: bb4f78af43525e5081f2097a09725d819aa5c3c3

COCOAPODS: 1.16.2
