{
  "originHash" : "97e74d6b13c5006b411a9b3ef2f14ec4b8eaa165ab363e934bd47b14861cad2a",
  "pins" : [
    {
      "identity" : "bottom-sheet",
      "kind" : "remoteSourceControl",
      "location" : "git@github.com:weitieda/bottom-sheet.git",
      "state" : {
        "branch" : "master",
        "revision" : "6b21007153365235418f3943a960a1f9546592e0"
      }
    },
    {
      "identity" : "confettiswiftui",
      "kind" : "remoteSourceControl",
      "location" : "https://github.com/simibac/ConfettiSwiftUI.git",
      "state" : {
        "branch" : "master",
        "revision" : "469de4e43949815dc92570cc786922d8d1385b06"
      }
    },
    {
      "identity" : "defaults",
      "kind" : "remoteSourceControl",
      "location" : "git@github.com:sindresorhus/Defaults.git",
      "state" : {
        "revision" : "38925e3cfacf3fb89a81a35b1cd44fd5a5b7e0fa",
        "version" : "8.2.0"
      }
    },
    {
      "identity" : "fourchanapi",
      "kind" : "remoteSourceControl",
      "location" : "https://github.com/vanities/FourChanAPI.git",
      "state" : {
        "revision" : "59fa1689bb2858c1c974d0708a637681c887628b",
        "version" : "1.2.12"
      }
    },
    {
      "identity" : "kingfisher",
      "kind" : "remoteSourceControl",
      "location" : "git@github.com:onevcat/Kingfisher.git",
      "state" : {
        "revision" : "5b92f029fab2cce44386d28588098b5be0824ef5",
        "version" : "7.11.0"
      }
    },
    {
      "identity" : "swiftui-introspect",
      "kind" : "remoteSourceControl",
      "location" : "git@github.com:siteline/SwiftUI-Introspect.git",
      "state" : {
        "revision" : "0cd2a5a5895306bc21d54a2254302d24a9a571e4",
        "version" : "1.1.3"
      }
    },
    {
      "identity" : "swiftuipager",
      "kind" : "remoteSourceControl",
      "location" : "git@github.com:fermoya/SwiftUIPager.git",
      "state" : {
        "revision" : "4ddc04c801aac143090bb14cf26603a3bf9c74cb",
        "version" : "2.5.0"
      }
    },
    {
      "identity" : "toastui",
      "kind" : "remoteSourceControl",
      "location" : "https://github.com/quanshousio/ToastUI",
      "state" : {
        "revision" : "e1fd43336630b40a4273a346bd9e6c250151c88d",
        "version" : "2.0.0"
      }
    }
  ],
  "version" : 3
}
