{
  "originHash" : "e6e6c04dcafb56788b0e90cee41e6b44b5a6400c2195bffc3889b9accb136bec",
  "pins" : [
    {
      "identity" : "confettiswiftui",
      "kind" : "remoteSourceControl",
      "location" : "https://github.com/simibac/ConfettiSwiftUI.git",
      "state" : {
        "branch" : "master",
        "revision" : "79666d42b882bf7921b1941fa7c636d681d77980"
      }
    },
    {
      "identity" : "defaults",
      "kind" : "remoteSourceControl",
      "location" : "git@github.com:sindresorhus/Defaults.git",
      "state" : {
        "revision" : "38925e3cfacf3fb89a81a35b1cd44fd5a5b7e0fa",
        "version" : "8.2.0"
      }
    },
    {
      "identity" : "fourchanapi",
      "kind" : "remoteSourceControl",
      "location" : "https://github.com/vanities/FourChanAPI.git",
      "state" : {
        "revision" : "fbc942c4a23fec2801b2d498350a30e19f5fd9b4",
        "version" : "1.3.0"
      }
    },
    {
      "identity" : "kingfisher",
      "kind" : "remoteSourceControl",
      "location" : "git@github.com:onevcat/Kingfisher.git",
      "state" : {
        "revision" : "2ef543ee21d63734e1c004ad6c870255e8716c50",
        "version" : "7.12.0"
      }
    },
    {
      "identity" : "swiftui-introspect",
      "kind" : "remoteSourceControl",
      "location" : "git@github.com:siteline/swiftui-introspect.git",
      "state" : {
        "revision" : "807f73ce09a9b9723f12385e592b4e0aaebd3336",
        "version" : "1.3.0"
      }
    },
    {
      "identity" : "swiftuipager",
      "kind" : "remoteSourceControl",
      "location" : "git@github.com:fermoya/SwiftUIPager.git",
      "state" : {
        "revision" : "4ddc04c801aac143090bb14cf26603a3bf9c74cb",
        "version" : "2.5.0"
      }
    },
    {
      "identity" : "toastui",
      "kind" : "remoteSourceControl",
      "location" : "https://github.com/quanshousio/ToastUI",
      "state" : {
        "revision" : "e1fd43336630b40a4273a346bd9e6c250151c88d",
        "version" : "2.0.0"
      }
    }
  ],
  "version" : 3
}
