{
  "object": {
    "pins": [
      {
        "package": "ConfettiSwiftUI",
        "repositoryURL": "git@github.com:simibac/ConfettiSwiftUI.git",
        "state": {
          "branch": null,
          "revision": "4aac70f5264e59dfed75d6f1c282bb147f101a49",
          "version": "0.2.1"
        }
      },
      {
        "package": "Defaults",
        "repositoryURL": "git@github.com:sindresorhus/Defaults.git",
        "state": {
          "branch": null,
          "revision": "8a6e4a96fd38504a05903d136c85634b65fd7c4d",
          "version": "6.0.0"
        }
      },
      {
        "package": "FourChan",
        "repositoryURL": "https://github.com/jackpal/FourChanAPI",
        "state": {
          "branch": null,
          "revision": "851c0fc0e0525e55367308023b8dfff7b5c62529",
          "version": "1.2.10"
        }
      },
      {
        "package": "Kingfisher",
        "repositoryURL": "https://github.com/onevcat/Kingfisher.git",
        "state": {
          "branch": null,
          "revision": "318e319998bf555c3e914d5c3adb6da05af86a32",
          "version": "7.1.1"
        }
      },
      {
        "package": "Introspect",
        "repositoryURL": "git@github.com:siteline/SwiftUI-Introspect.git",
        "state": {
          "branch": null,
          "revision": "2e09be8af614401bc9f87d40093ec19ce56ccaf2",
          "version": "0.1.3"
        }
      },
      {
        "package": "SwiftUIPager",
        "repositoryURL": "git@github.com:fermoya/SwiftUIPager.git",
        "state": {
          "branch": null,
          "revision": "d6745593cfa38ffa1fca75244a01e422d220d407",
          "version": "2.3.1"
        }
      },
      {
        "package": "ToastUI",
        "repositoryURL": "https://github.com/quanshousio/ToastUI",
        "state": {
          "branch": null,
          "revision": "e1fd43336630b40a4273a346bd9e6c250151c88d",
          "version": "2.0.0"
        }
      }
    ]
  },
  "version": 1
}
