// !$*UTF8*$!
{
	archiveVersion = 1;
	classes = {
	};
	objectVersion = 52;
	objects = {

/* Begin PBXBuildFile section */
		48BDEF0A6290826CC41EEABD /* libPods-swiftchan.a in Frameworks */ = {isa = PBXBuildFile; fileRef = 5FF6C47CE9F89A17580FC1D3 /* libPods-swiftchan.a */; };
		9506585C2627D56A008FD1B0 /* ActivityIndicator.swift in Sources */ = {isa = PBXBuildFile; fileRef = 9506585B2627D56A008FD1B0 /* ActivityIndicator.swift */; };
		950E3940255CDA3B00A00A74 /* MediaView.swift in Sources */ = {isa = PBXBuildFile; fileRef = 950E393F255CDA3B00A00A74 /* MediaView.swift */; };
		950EB4DC256CBE08000703C0 /* PullToRefresh.swift in Sources */ = {isa = PBXBuildFile; fileRef = 950EB4DB256CBE08000703C0 /* PullToRefresh.swift */; };
		95105369256600C9002E4051 /* Post.swift in Sources */ = {isa = PBXBuildFile; fileRef = 95105368256600C9002E4051 /* Post.swift */; };
		951053712566018D002E4051 /* Board.swift in Sources */ = {isa = PBXBuildFile; fileRef = 951053702566018D002E4051 /* Board.swift */; };
		95105379256608E5002E4051 /* CommentParser.swift in Sources */ = {isa = PBXBuildFile; fileRef = 95105378256608E5002E4051 /* CommentParser.swift */; };
		95181791254CFB600032616E /* swiftchanApp.swift in Sources */ = {isa = PBXBuildFile; fileRef = 95181790254CFB600032616E /* swiftchanApp.swift */; };
		95181793254CFB600032616E /* BoardsView.swift in Sources */ = {isa = PBXBuildFile; fileRef = 95181792254CFB600032616E /* BoardsView.swift */; };
		95181795254CFB620032616E /* Assets.xcassets in Resources */ = {isa = PBXBuildFile; fileRef = 95181794254CFB620032616E /* Assets.xcassets */; };
		95181798254CFB620032616E /* Preview Assets.xcassets in Resources */ = {isa = PBXBuildFile; fileRef = 95181797254CFB620032616E /* Preview Assets.xcassets */; };
		951817A3254CFB620032616E /* swiftchanTests.swift in Sources */ = {isa = PBXBuildFile; fileRef = 951817A2254CFB620032616E /* swiftchanTests.swift */; };
		951817AE254CFB620032616E /* swiftchanUITests.swift in Sources */ = {isa = PBXBuildFile; fileRef = 951817AD254CFB620032616E /* swiftchanUITests.swift */; };
		9520FDC52640FB4700F98FE9 /* VideoPrefetcher.swift in Sources */ = {isa = PBXBuildFile; fileRef = 9520FDC42640FB4700F98FE9 /* VideoPrefetcher.swift */; };
		9524E19F256F272200D08075 /* AppState.swift in Sources */ = {isa = PBXBuildFile; fileRef = 9524E19E256F272200D08075 /* AppState.swift */; };
		9524E1A5256F83D800D08075 /* PresentedPostDismissGesture.swift in Sources */ = {isa = PBXBuildFile; fileRef = 9524E1A4256F83D800D08075 /* PresentedPostDismissGesture.swift */; };
		9524E1AA256F87EA00D08075 /* CoreExtensions.swift in Sources */ = {isa = PBXBuildFile; fileRef = 9524E1A9256F87EA00D08075 /* CoreExtensions.swift */; };
		9524E1AF256F8E4D00D08075 /* Blur.swift in Sources */ = {isa = PBXBuildFile; fileRef = 9524E1AE256F8E4D00D08075 /* Blur.swift */; };
		9524F4B62580545C0006395F /* FileExport.swift in Sources */ = {isa = PBXBuildFile; fileRef = 9524F4B52580545C0006395F /* FileExport.swift */; };
		9524F4BB258054A60006395F /* MediaSaver.swift in Sources */ = {isa = PBXBuildFile; fileRef = 9524F4BA258054A60006395F /* MediaSaver.swift */; };
		95257D8D25EF2804003E0A59 /* PresentationState.swift in Sources */ = {isa = PBXBuildFile; fileRef = 95257D8C25EF2804003E0A59 /* PresentationState.swift */; };
		95257D9125EF37F3003E0A59 /* DismissGesture.swift in Sources */ = {isa = PBXBuildFile; fileRef = 95257D9025EF37F3003E0A59 /* DismissGesture.swift */; };
		952F72EC25D0608200762154 /* SwiftUIPager in Frameworks */ = {isa = PBXBuildFile; productRef = 952F72EB25D0608200762154 /* SwiftUIPager */; };
		953508F2263F557D00C7FE83 /* Prefetcher.swift in Sources */ = {isa = PBXBuildFile; fileRef = 953508F1263F557D00C7FE83 /* Prefetcher.swift */; };
		955814B8254D24B900A966BA /* BoardView.swift in Sources */ = {isa = PBXBuildFile; fileRef = 955814B7254D24B900A966BA /* BoardView.swift */; };
		956D9052256B18270000D84C /* Buildable.swift in Sources */ = {isa = PBXBuildFile; fileRef = 956D9051256B18270000D84C /* Buildable.swift */; };
		9574CDEE255E2350000C99B6 /* BoardsViewModel.swift in Sources */ = {isa = PBXBuildFile; fileRef = 9574CDED255E2350000C99B6 /* BoardsViewModel.swift */; };
		9574CDF6255E254F000C99B6 /* FourchanService.swift in Sources */ = {isa = PBXBuildFile; fileRef = 9574CDF5255E254F000C99B6 /* FourchanService.swift */; };
		9574CDFE255E30E8000C99B6 /* ThreadViewModel.swift in Sources */ = {isa = PBXBuildFile; fileRef = 9574CDFD255E30E8000C99B6 /* ThreadViewModel.swift */; };
		9574CE07255E34E8000C99B6 /* CatalogViewModel.swift in Sources */ = {isa = PBXBuildFile; fileRef = 9574CE06255E34E8000C99B6 /* CatalogViewModel.swift */; };
		9579F9F1263D1A1E007C70FC /* VLCVideo.swift in Sources */ = {isa = PBXBuildFile; fileRef = 9579F9F0263D1A1E007C70FC /* VLCVideo.swift */; };
		957B30472648C87600D2FDCA /* DownloadOperation.swift in Sources */ = {isa = PBXBuildFile; fileRef = 957B30462648C87600D2FDCA /* DownloadOperation.swift */; };
		9582CB99255631B9008B235D /* VLCVideoView.swift in Sources */ = {isa = PBXBuildFile; fileRef = 9582CB98255631B9008B235D /* VLCVideoView.swift */; };
		95851DD625567314002CB2A1 /* MediaDetector.swift in Sources */ = {isa = PBXBuildFile; fileRef = 95851DD525567314002CB2A1 /* MediaDetector.swift */; };
		9587A51C255726D80028A143 /* CacheService.swift in Sources */ = {isa = PBXBuildFile; fileRef = 9587A51B255726D80028A143 /* CacheService.swift */; };
		9589342B2558ED11000DEEDC /* VLCContainerView.swift in Sources */ = {isa = PBXBuildFile; fileRef = 9589342A2558ED11000DEEDC /* VLCContainerView.swift */; };
		958934332558F5FC000DEEDC /* VLCPlayerControlsView.swift in Sources */ = {isa = PBXBuildFile; fileRef = 958934322558F5FC000DEEDC /* VLCPlayerControlsView.swift */; };
		958D0998254D346A00AD4849 /* CatalogView.swift in Sources */ = {isa = PBXBuildFile; fileRef = 958D0997254D346A00AD4849 /* CatalogView.swift */; };
		958D09A0254D444F00AD4849 /* OPView.swift in Sources */ = {isa = PBXBuildFile; fileRef = 958D099F254D444F00AD4849 /* OPView.swift */; };
		958D2C99254D2DF200E54C41 /* ContentView.swift in Sources */ = {isa = PBXBuildFile; fileRef = 958D2C98254D2DF200E54C41 /* ContentView.swift */; };
		9599CA96254DF8C0002EB026 /* ThreadView.swift in Sources */ = {isa = PBXBuildFile; fileRef = 9599CA95254DF8C0002EB026 /* ThreadView.swift */; };
		9599CAA0254DFDA1002EB026 /* PostView.swift in Sources */ = {isa = PBXBuildFile; fileRef = 9599CA9F254DFDA1002EB026 /* PostView.swift */; };
		9599D6292556655400BBC8B7 /* GalleryPreviewView.swift in Sources */ = {isa = PBXBuildFile; fileRef = 9599D6282556655400BBC8B7 /* GalleryPreviewView.swift */; };
		9599D62E2556661600BBC8B7 /* ImageView.swift in Sources */ = {isa = PBXBuildFile; fileRef = 9599D62D2556661600BBC8B7 /* ImageView.swift */; };
		95A94EFC2554F8D1001D155E /* GalleryView.swift in Sources */ = {isa = PBXBuildFile; fileRef = 95A94EFB2554F8D1001D155E /* GalleryView.swift */; };
		95B31D4625E2E3B400C309D4 /* Introspect in Frameworks */ = {isa = PBXBuildFile; productRef = 95B31D4525E2E3B400C309D4 /* Introspect */; };
		95B7BE51256CBC4A00F75BC9 /* FavoriteStar.swift in Sources */ = {isa = PBXBuildFile; fileRef = 95B7BE50256CBC4A00F75BC9 /* FavoriteStar.swift */; };
		95BEA02D2561816100F77A14 /* ThumbnailMediaView.swift in Sources */ = {isa = PBXBuildFile; fileRef = 95BEA02C2561816100F77A14 /* ThumbnailMediaView.swift */; };
		95C73106256CA1F700F18257 /* UserSettings.swift in Sources */ = {isa = PBXBuildFile; fileRef = 95C73105256CA1F700F18257 /* UserSettings.swift */; };
		95CE4FAA26ABD42500622F7E /* Colors.swift in Sources */ = {isa = PBXBuildFile; fileRef = 95CE4FA926ABD42500622F7E /* Colors.swift */; };
		95D14F6126CC82A8007AF00F /* ToastUI in Frameworks */ = {isa = PBXBuildFile; productRef = 95D14F6026CC82A8007AF00F /* ToastUI */; };
		95D804CE25677FF4005A3128 /* RepliesView.swift in Sources */ = {isa = PBXBuildFile; fileRef = 95D804CD25677FF4005A3128 /* RepliesView.swift */; };
		95D804D32568A553005A3128 /* PresentedPost.swift in Sources */ = {isa = PBXBuildFile; fileRef = 95D804D22568A553005A3128 /* PresentedPost.swift */; };
		95D804E22568F9D8005A3128 /* View.swift in Sources */ = {isa = PBXBuildFile; fileRef = 95D804E12568F9D8005A3128 /* View.swift */; };
		95E210FC2701704300B8C96A /* FourChan in Frameworks */ = {isa = PBXBuildFile; productRef = 95E210FB2701704300B8C96A /* FourChan */; };
		95E4A06D26BB7A08007B1A38 /* XCUIApplication.swift in Sources */ = {isa = PBXBuildFile; fileRef = 95E4A06C26BB7A08007B1A38 /* XCUIApplication.swift */; };
		95F62460255CE64400E9147B /* URLExamples.swift in Sources */ = {isa = PBXBuildFile; fileRef = 95F6245F255CE64400E9147B /* URLExamples.swift */; };
		95F76D8026D8801000F6A92F /* AccessibilityIdentifiers.swift in Sources */ = {isa = PBXBuildFile; fileRef = 95F76D7F26D8801000F6A92F /* AccessibilityIdentifiers.swift */; };
		95F76D8126D8801000F6A92F /* AccessibilityIdentifiers.swift in Sources */ = {isa = PBXBuildFile; fileRef = 95F76D7F26D8801000F6A92F /* AccessibilityIdentifiers.swift */; };
		95F76D8426D8830F00F6A92F /* XCUIApplication+Identifiers.swift in Sources */ = {isa = PBXBuildFile; fileRef = 95F76D8226D8830F00F6A92F /* XCUIApplication+Identifiers.swift */; };
		95F76D8626D888BB00F6A92F /* swiftchanPerformanceTests.swift in Sources */ = {isa = PBXBuildFile; fileRef = 95F76D8526D888BB00F6A92F /* swiftchanPerformanceTests.swift */; };
		95F7CFCD25639BD70063149B /* DateFormatterService.swift in Sources */ = {isa = PBXBuildFile; fileRef = 95F7CFCC25639BD70063149B /* DateFormatterService.swift */; };
		95F9DE8625C90DB50043C704 /* VLCVideoViewModel.swift in Sources */ = {isa = PBXBuildFile; fileRef = 95F9DE8525C90DB50043C704 /* VLCVideoViewModel.swift */; };
		95FFFB69263EF2AF00F4356C /* Kingfisher in Frameworks */ = {isa = PBXBuildFile; productRef = 95FFFB68263EF2AF00F4356C /* Kingfisher */; };
/* End PBXBuildFile section */

/* Begin PBXContainerItemProxy section */
		9518179F254CFB620032616E /* PBXContainerItemProxy */ = {
			isa = PBXContainerItemProxy;
			containerPortal = 95181785254CFB600032616E /* Project object */;
			proxyType = 1;
			remoteGlobalIDString = 9518178C254CFB600032616E;
			remoteInfo = swiftchan;
		};
		951817AA254CFB620032616E /* PBXContainerItemProxy */ = {
			isa = PBXContainerItemProxy;
			containerPortal = 95181785254CFB600032616E /* Project object */;
			proxyType = 1;
			remoteGlobalIDString = 9518178C254CFB600032616E;
			remoteInfo = swiftchan;
		};
/* End PBXContainerItemProxy section */

/* Begin PBXCopyFilesBuildPhase section */
		95D86F5E25EA2131005A7EBC /* Embed Frameworks */ = {
			isa = PBXCopyFilesBuildPhase;
			buildActionMask = 2147483647;
			dstPath = "";
			dstSubfolderSpec = 10;
			files = (
			);
			name = "Embed Frameworks";
			runOnlyForDeploymentPostprocessing = 0;
		};
/* End PBXCopyFilesBuildPhase section */

/* Begin PBXFileReference section */
		5FF6C47CE9F89A17580FC1D3 /* libPods-swiftchan.a */ = {isa = PBXFileReference; explicitFileType = archive.ar; includeInIndex = 0; path = "libPods-swiftchan.a"; sourceTree = BUILT_PRODUCTS_DIR; };
		7BAFA14BF91D84A2CB55CB29 /* Pods-swiftchan.debug.xcconfig */ = {isa = PBXFileReference; includeInIndex = 1; lastKnownFileType = text.xcconfig; name = "Pods-swiftchan.debug.xcconfig"; path = "Target Support Files/Pods-swiftchan/Pods-swiftchan.debug.xcconfig"; sourceTree = "<group>"; };
		9506585B2627D56A008FD1B0 /* ActivityIndicator.swift */ = {isa = PBXFileReference; lastKnownFileType = sourcecode.swift; path = ActivityIndicator.swift; sourceTree = "<group>"; };
		950E393F255CDA3B00A00A74 /* MediaView.swift */ = {isa = PBXFileReference; lastKnownFileType = sourcecode.swift; path = MediaView.swift; sourceTree = "<group>"; };
		950EB4DB256CBE08000703C0 /* PullToRefresh.swift */ = {isa = PBXFileReference; lastKnownFileType = sourcecode.swift; path = PullToRefresh.swift; sourceTree = "<group>"; };
		95105368256600C9002E4051 /* Post.swift */ = {isa = PBXFileReference; lastKnownFileType = sourcecode.swift; path = Post.swift; sourceTree = "<group>"; };
		951053702566018D002E4051 /* Board.swift */ = {isa = PBXFileReference; lastKnownFileType = sourcecode.swift; path = Board.swift; sourceTree = "<group>"; };
		95105378256608E5002E4051 /* CommentParser.swift */ = {isa = PBXFileReference; fileEncoding = 4; lastKnownFileType = sourcecode.swift; path = CommentParser.swift; sourceTree = "<group>"; };
		9518178D254CFB600032616E /* swiftchan.app */ = {isa = PBXFileReference; explicitFileType = wrapper.application; includeInIndex = 0; path = swiftchan.app; sourceTree = BUILT_PRODUCTS_DIR; };
		95181790254CFB600032616E /* swiftchanApp.swift */ = {isa = PBXFileReference; lastKnownFileType = sourcecode.swift; path = swiftchanApp.swift; sourceTree = "<group>"; };
		95181792254CFB600032616E /* BoardsView.swift */ = {isa = PBXFileReference; lastKnownFileType = sourcecode.swift; path = BoardsView.swift; sourceTree = "<group>"; };
		95181794254CFB620032616E /* Assets.xcassets */ = {isa = PBXFileReference; lastKnownFileType = folder.assetcatalog; path = Assets.xcassets; sourceTree = "<group>"; };
		95181797254CFB620032616E /* Preview Assets.xcassets */ = {isa = PBXFileReference; lastKnownFileType = folder.assetcatalog; path = "Preview Assets.xcassets"; sourceTree = "<group>"; };
		95181799254CFB620032616E /* Info.plist */ = {isa = PBXFileReference; lastKnownFileType = text.plist.xml; path = Info.plist; sourceTree = "<group>"; };
		9518179E254CFB620032616E /* swiftchanTests.xctest */ = {isa = PBXFileReference; explicitFileType = wrapper.cfbundle; includeInIndex = 0; path = swiftchanTests.xctest; sourceTree = BUILT_PRODUCTS_DIR; };
		951817A2254CFB620032616E /* swiftchanTests.swift */ = {isa = PBXFileReference; lastKnownFileType = sourcecode.swift; path = swiftchanTests.swift; sourceTree = "<group>"; };
		951817A4254CFB620032616E /* Info.plist */ = {isa = PBXFileReference; lastKnownFileType = text.plist.xml; path = Info.plist; sourceTree = "<group>"; };
		951817A9254CFB620032616E /* swiftchanUITests.xctest */ = {isa = PBXFileReference; explicitFileType = wrapper.cfbundle; includeInIndex = 0; path = swiftchanUITests.xctest; sourceTree = BUILT_PRODUCTS_DIR; };
		951817AD254CFB620032616E /* swiftchanUITests.swift */ = {isa = PBXFileReference; lastKnownFileType = sourcecode.swift; path = swiftchanUITests.swift; sourceTree = "<group>"; };
		951817AF254CFB620032616E /* Info.plist */ = {isa = PBXFileReference; lastKnownFileType = text.plist.xml; path = Info.plist; sourceTree = "<group>"; };
		9520FDC42640FB4700F98FE9 /* VideoPrefetcher.swift */ = {isa = PBXFileReference; lastKnownFileType = sourcecode.swift; path = VideoPrefetcher.swift; sourceTree = "<group>"; };
		9524E19E256F272200D08075 /* AppState.swift */ = {isa = PBXFileReference; lastKnownFileType = sourcecode.swift; path = AppState.swift; sourceTree = "<group>"; };
		9524E1A4256F83D800D08075 /* PresentedPostDismissGesture.swift */ = {isa = PBXFileReference; lastKnownFileType = sourcecode.swift; path = PresentedPostDismissGesture.swift; sourceTree = "<group>"; };
		9524E1A9256F87EA00D08075 /* CoreExtensions.swift */ = {isa = PBXFileReference; lastKnownFileType = sourcecode.swift; path = CoreExtensions.swift; sourceTree = "<group>"; };
		9524E1AE256F8E4D00D08075 /* Blur.swift */ = {isa = PBXFileReference; lastKnownFileType = sourcecode.swift; path = Blur.swift; sourceTree = "<group>"; };
		9524F4B52580545C0006395F /* FileExport.swift */ = {isa = PBXFileReference; lastKnownFileType = sourcecode.swift; path = FileExport.swift; sourceTree = "<group>"; };
		9524F4BA258054A60006395F /* MediaSaver.swift */ = {isa = PBXFileReference; lastKnownFileType = sourcecode.swift; path = MediaSaver.swift; sourceTree = "<group>"; };
		95257D8C25EF2804003E0A59 /* PresentationState.swift */ = {isa = PBXFileReference; lastKnownFileType = sourcecode.swift; path = PresentationState.swift; sourceTree = "<group>"; };
		95257D9025EF37F3003E0A59 /* DismissGesture.swift */ = {isa = PBXFileReference; lastKnownFileType = sourcecode.swift; path = DismissGesture.swift; sourceTree = "<group>"; };
		953508F1263F557D00C7FE83 /* Prefetcher.swift */ = {isa = PBXFileReference; lastKnownFileType = sourcecode.swift; path = Prefetcher.swift; sourceTree = "<group>"; };
		955814B7254D24B900A966BA /* BoardView.swift */ = {isa = PBXFileReference; lastKnownFileType = sourcecode.swift; path = BoardView.swift; sourceTree = "<group>"; };
		956D9051256B18270000D84C /* Buildable.swift */ = {isa = PBXFileReference; lastKnownFileType = sourcecode.swift; path = Buildable.swift; sourceTree = "<group>"; };
		9574CDED255E2350000C99B6 /* BoardsViewModel.swift */ = {isa = PBXFileReference; lastKnownFileType = sourcecode.swift; path = BoardsViewModel.swift; sourceTree = "<group>"; };
		9574CDF5255E254F000C99B6 /* FourchanService.swift */ = {isa = PBXFileReference; lastKnownFileType = sourcecode.swift; path = FourchanService.swift; sourceTree = "<group>"; };
		9574CDFD255E30E8000C99B6 /* ThreadViewModel.swift */ = {isa = PBXFileReference; lastKnownFileType = sourcecode.swift; path = ThreadViewModel.swift; sourceTree = "<group>"; };
		9574CE06255E34E8000C99B6 /* CatalogViewModel.swift */ = {isa = PBXFileReference; lastKnownFileType = sourcecode.swift; path = CatalogViewModel.swift; sourceTree = "<group>"; };
		9579F9F0263D1A1E007C70FC /* VLCVideo.swift */ = {isa = PBXFileReference; lastKnownFileType = sourcecode.swift; path = VLCVideo.swift; sourceTree = "<group>"; };
		957B30462648C87600D2FDCA /* DownloadOperation.swift */ = {isa = PBXFileReference; lastKnownFileType = sourcecode.swift; path = DownloadOperation.swift; sourceTree = "<group>"; };
		9582CB98255631B9008B235D /* VLCVideoView.swift */ = {isa = PBXFileReference; lastKnownFileType = sourcecode.swift; path = VLCVideoView.swift; sourceTree = "<group>"; };
		95851DD525567314002CB2A1 /* MediaDetector.swift */ = {isa = PBXFileReference; lastKnownFileType = sourcecode.swift; path = MediaDetector.swift; sourceTree = "<group>"; };
		9587A51B255726D80028A143 /* CacheService.swift */ = {isa = PBXFileReference; lastKnownFileType = sourcecode.swift; path = CacheService.swift; sourceTree = "<group>"; };
		9589342A2558ED11000DEEDC /* VLCContainerView.swift */ = {isa = PBXFileReference; lastKnownFileType = sourcecode.swift; path = VLCContainerView.swift; sourceTree = "<group>"; };
		958934322558F5FC000DEEDC /* VLCPlayerControlsView.swift */ = {isa = PBXFileReference; lastKnownFileType = sourcecode.swift; path = VLCPlayerControlsView.swift; sourceTree = "<group>"; };
		958D0997254D346A00AD4849 /* CatalogView.swift */ = {isa = PBXFileReference; lastKnownFileType = sourcecode.swift; path = CatalogView.swift; sourceTree = "<group>"; };
		958D099F254D444F00AD4849 /* OPView.swift */ = {isa = PBXFileReference; lastKnownFileType = sourcecode.swift; path = OPView.swift; sourceTree = "<group>"; };
		958D2C98254D2DF200E54C41 /* ContentView.swift */ = {isa = PBXFileReference; lastKnownFileType = sourcecode.swift; path = ContentView.swift; sourceTree = "<group>"; };
		9599CA95254DF8C0002EB026 /* ThreadView.swift */ = {isa = PBXFileReference; lastKnownFileType = sourcecode.swift; path = ThreadView.swift; sourceTree = "<group>"; };
		9599CA9F254DFDA1002EB026 /* PostView.swift */ = {isa = PBXFileReference; lastKnownFileType = sourcecode.swift; path = PostView.swift; sourceTree = "<group>"; };
		9599D6282556655400BBC8B7 /* GalleryPreviewView.swift */ = {isa = PBXFileReference; lastKnownFileType = sourcecode.swift; path = GalleryPreviewView.swift; sourceTree = "<group>"; };
		9599D62D2556661600BBC8B7 /* ImageView.swift */ = {isa = PBXFileReference; lastKnownFileType = sourcecode.swift; path = ImageView.swift; sourceTree = "<group>"; };
		95A94EFB2554F8D1001D155E /* GalleryView.swift */ = {isa = PBXFileReference; lastKnownFileType = sourcecode.swift; path = GalleryView.swift; sourceTree = "<group>"; };
		95B7BE50256CBC4A00F75BC9 /* FavoriteStar.swift */ = {isa = PBXFileReference; lastKnownFileType = sourcecode.swift; path = FavoriteStar.swift; sourceTree = "<group>"; };
		95BEA02C2561816100F77A14 /* ThumbnailMediaView.swift */ = {isa = PBXFileReference; lastKnownFileType = sourcecode.swift; path = ThumbnailMediaView.swift; sourceTree = "<group>"; };
		95C73105256CA1F700F18257 /* UserSettings.swift */ = {isa = PBXFileReference; lastKnownFileType = sourcecode.swift; path = UserSettings.swift; sourceTree = "<group>"; };
		95CE4FA926ABD42500622F7E /* Colors.swift */ = {isa = PBXFileReference; lastKnownFileType = sourcecode.swift; path = Colors.swift; sourceTree = "<group>"; };
		95D804CD25677FF4005A3128 /* RepliesView.swift */ = {isa = PBXFileReference; lastKnownFileType = sourcecode.swift; path = RepliesView.swift; sourceTree = "<group>"; };
		95D804D22568A553005A3128 /* PresentedPost.swift */ = {isa = PBXFileReference; lastKnownFileType = sourcecode.swift; path = PresentedPost.swift; sourceTree = "<group>"; };
		95D804E12568F9D8005A3128 /* View.swift */ = {isa = PBXFileReference; lastKnownFileType = sourcecode.swift; path = View.swift; sourceTree = "<group>"; };
		95E4A06C26BB7A08007B1A38 /* XCUIApplication.swift */ = {isa = PBXFileReference; lastKnownFileType = sourcecode.swift; path = XCUIApplication.swift; sourceTree = "<group>"; };
		95F6245F255CE64400E9147B /* URLExamples.swift */ = {isa = PBXFileReference; lastKnownFileType = sourcecode.swift; path = URLExamples.swift; sourceTree = "<group>"; };
		95F76D7F26D8801000F6A92F /* AccessibilityIdentifiers.swift */ = {isa = PBXFileReference; lastKnownFileType = sourcecode.swift; path = AccessibilityIdentifiers.swift; sourceTree = "<group>"; };
		95F76D8226D8830F00F6A92F /* XCUIApplication+Identifiers.swift */ = {isa = PBXFileReference; lastKnownFileType = sourcecode.swift; path = "XCUIApplication+Identifiers.swift"; sourceTree = "<group>"; };
		95F76D8526D888BB00F6A92F /* swiftchanPerformanceTests.swift */ = {isa = PBXFileReference; lastKnownFileType = sourcecode.swift; path = swiftchanPerformanceTests.swift; sourceTree = "<group>"; };
		95F7CFCC25639BD70063149B /* DateFormatterService.swift */ = {isa = PBXFileReference; lastKnownFileType = sourcecode.swift; path = DateFormatterService.swift; sourceTree = "<group>"; };
		95F9DE8525C90DB50043C704 /* VLCVideoViewModel.swift */ = {isa = PBXFileReference; lastKnownFileType = sourcecode.swift; path = VLCVideoViewModel.swift; sourceTree = "<group>"; };
		B1D6877C1883757C4378F554 /* Pods-swiftchan.release.xcconfig */ = {isa = PBXFileReference; includeInIndex = 1; lastKnownFileType = text.xcconfig; name = "Pods-swiftchan.release.xcconfig"; path = "Target Support Files/Pods-swiftchan/Pods-swiftchan.release.xcconfig"; sourceTree = "<group>"; };
/* End PBXFileReference section */

/* Begin PBXFrameworksBuildPhase section */
		9518178A254CFB600032616E /* Frameworks */ = {
			isa = PBXFrameworksBuildPhase;
			buildActionMask = 2147483647;
			files = (
				95E210FC2701704300B8C96A /* FourChan in Frameworks */,
				95D14F6126CC82A8007AF00F /* ToastUI in Frameworks */,
				95FFFB69263EF2AF00F4356C /* Kingfisher in Frameworks */,
				952F72EC25D0608200762154 /* SwiftUIPager in Frameworks */,
				95B31D4625E2E3B400C309D4 /* Introspect in Frameworks */,
				48BDEF0A6290826CC41EEABD /* libPods-swiftchan.a in Frameworks */,
			);
			runOnlyForDeploymentPostprocessing = 0;
		};
		9518179B254CFB620032616E /* Frameworks */ = {
			isa = PBXFrameworksBuildPhase;
			buildActionMask = 2147483647;
			files = (
			);
			runOnlyForDeploymentPostprocessing = 0;
		};
		951817A6254CFB620032616E /* Frameworks */ = {
			isa = PBXFrameworksBuildPhase;
			buildActionMask = 2147483647;
			files = (
			);
			runOnlyForDeploymentPostprocessing = 0;
		};
/* End PBXFrameworksBuildPhase section */

/* Begin PBXGroup section */
		89C8B29EB296DC535D464904 /* Frameworks */ = {
			isa = PBXGroup;
			children = (
				5FF6C47CE9F89A17580FC1D3 /* libPods-swiftchan.a */,
			);
			name = Frameworks;
			sourceTree = "<group>";
		};
		950E3933255CD9BB00A00A74 /* Media */ = {
			isa = PBXGroup;
			children = (
				959E6152255CD4750003638E /* Gallery */,
				950E393A255CD9EE00A00A74 /* Image */,
				95893437255B7FBF000DEEDC /* VLC */,
				950E393F255CDA3B00A00A74 /* MediaView.swift */,
				95BEA02C2561816100F77A14 /* ThumbnailMediaView.swift */,
			);
			path = Media;
			sourceTree = "<group>";
		};
		950E393A255CD9EE00A00A74 /* Image */ = {
			isa = PBXGroup;
			children = (
				9599D62D2556661600BBC8B7 /* ImageView.swift */,
			);
			path = Image;
			sourceTree = "<group>";
		};
		9510536725660071002E4051 /* Models */ = {
			isa = PBXGroup;
			children = (
				95105368256600C9002E4051 /* Post.swift */,
				951053702566018D002E4051 /* Board.swift */,
				95257D8C25EF2804003E0A59 /* PresentationState.swift */,
				95257D9025EF37F3003E0A59 /* DismissGesture.swift */,
				9579F9F0263D1A1E007C70FC /* VLCVideo.swift */,
			);
			path = Models;
			sourceTree = "<group>";
		};
		95181784254CFB600032616E = {
			isa = PBXGroup;
			children = (
				9518178F254CFB600032616E /* swiftchan */,
				951817A1254CFB620032616E /* swiftchanTests */,
				951817AC254CFB620032616E /* swiftchanUITests */,
				9518178E254CFB600032616E /* Products */,
				FF4A11C5390644ACDA29A498 /* Pods */,
				89C8B29EB296DC535D464904 /* Frameworks */,
			);
			sourceTree = "<group>";
		};
		9518178E254CFB600032616E /* Products */ = {
			isa = PBXGroup;
			children = (
				9518178D254CFB600032616E /* swiftchan.app */,
				9518179E254CFB620032616E /* swiftchanTests.xctest */,
				951817A9254CFB620032616E /* swiftchanUITests.xctest */,
			);
			name = Products;
			sourceTree = "<group>";
		};
		9518178F254CFB600032616E /* swiftchan */ = {
			isa = PBXGroup;
			children = (
				9524E1A3256F83BE00D08075 /* Gestures */,
				95C73101256C9D8B00F18257 /* Environment */,
				95D804E02568F9BA005A3128 /* Extensions */,
				9510536725660071002E4051 /* Models */,
				9574CDEC255E2332000C99B6 /* ViewModels */,
				9580614A255263DB0003FFF3 /* Services */,
				955814B6254D249B00A966BA /* Views */,
				95181790254CFB600032616E /* swiftchanApp.swift */,
				958D2C98254D2DF200E54C41 /* ContentView.swift */,
				95181794254CFB620032616E /* Assets.xcassets */,
				95181799254CFB620032616E /* Info.plist */,
				95181796254CFB620032616E /* Preview Content */,
			);
			path = swiftchan;
			sourceTree = "<group>";
		};
		95181796254CFB620032616E /* Preview Content */ = {
			isa = PBXGroup;
			children = (
				95181797254CFB620032616E /* Preview Assets.xcassets */,
			);
			path = "Preview Content";
			sourceTree = "<group>";
		};
		951817A1254CFB620032616E /* swiftchanTests */ = {
			isa = PBXGroup;
			children = (
				951817A2254CFB620032616E /* swiftchanTests.swift */,
				951817A4254CFB620032616E /* Info.plist */,
			);
			path = swiftchanTests;
			sourceTree = "<group>";
		};
		951817AC254CFB620032616E /* swiftchanUITests */ = {
			isa = PBXGroup;
			children = (
				951817AD254CFB620032616E /* swiftchanUITests.swift */,
				95F76D8526D888BB00F6A92F /* swiftchanPerformanceTests.swift */,
				951817AF254CFB620032616E /* Info.plist */,
				95E4A06C26BB7A08007B1A38 /* XCUIApplication.swift */,
				95F76D8226D8830F00F6A92F /* XCUIApplication+Identifiers.swift */,
			);
			path = swiftchanUITests;
			sourceTree = "<group>";
		};
		9524E1A3256F83BE00D08075 /* Gestures */ = {
			isa = PBXGroup;
			children = (
				9524E1A4256F83D800D08075 /* PresentedPostDismissGesture.swift */,
			);
			path = Gestures;
			sourceTree = "<group>";
		};
		955814B6254D249B00A966BA /* Views */ = {
			isa = PBXGroup;
			children = (
				95D86F6F25EA301A005A7EBC /* Utility */,
				95B7BE43256CBBCA00F75BC9 /* Boards */,
				95B7BE42256CBBBD00F75BC9 /* Catalog */,
				95B7BE44256CBBE200F75BC9 /* Thread */,
				950E3933255CD9BB00A00A74 /* Media */,
			);
			path = Views;
			sourceTree = "<group>";
		};
		9574CDEC255E2332000C99B6 /* ViewModels */ = {
			isa = PBXGroup;
			children = (
				9574CDED255E2350000C99B6 /* BoardsViewModel.swift */,
				9574CE06255E34E8000C99B6 /* CatalogViewModel.swift */,
				9574CDFD255E30E8000C99B6 /* ThreadViewModel.swift */,
				95F9DE8525C90DB50043C704 /* VLCVideoViewModel.swift */,
			);
			path = ViewModels;
			sourceTree = "<group>";
		};
		9580614A255263DB0003FFF3 /* Services */ = {
			isa = PBXGroup;
			children = (
				95F6245F255CE64400E9147B /* URLExamples.swift */,
				9524F4BA258054A60006395F /* MediaSaver.swift */,
				9524F4B52580545C0006395F /* FileExport.swift */,
				95105378256608E5002E4051 /* CommentParser.swift */,
				95851DD525567314002CB2A1 /* MediaDetector.swift */,
				9587A51B255726D80028A143 /* CacheService.swift */,
				95F7CFCC25639BD70063149B /* DateFormatterService.swift */,
				956D9051256B18270000D84C /* Buildable.swift */,
				9574CDF5255E254F000C99B6 /* FourchanService.swift */,
				950EB4DB256CBE08000703C0 /* PullToRefresh.swift */,
				953508F1263F557D00C7FE83 /* Prefetcher.swift */,
				9520FDC42640FB4700F98FE9 /* VideoPrefetcher.swift */,
				957B30462648C87600D2FDCA /* DownloadOperation.swift */,
				95CE4FA926ABD42500622F7E /* Colors.swift */,
				95F76D7F26D8801000F6A92F /* AccessibilityIdentifiers.swift */,
			);
			path = Services;
			sourceTree = "<group>";
		};
		95893437255B7FBF000DEEDC /* VLC */ = {
			isa = PBXGroup;
			children = (
				9589342A2558ED11000DEEDC /* VLCContainerView.swift */,
				9582CB98255631B9008B235D /* VLCVideoView.swift */,
				958934322558F5FC000DEEDC /* VLCPlayerControlsView.swift */,
			);
			path = VLC;
			sourceTree = "<group>";
		};
		959E6152255CD4750003638E /* Gallery */ = {
			isa = PBXGroup;
			children = (
				95A94EFB2554F8D1001D155E /* GalleryView.swift */,
				9599D6282556655400BBC8B7 /* GalleryPreviewView.swift */,
			);
			path = Gallery;
			sourceTree = "<group>";
		};
		95B7BE42256CBBBD00F75BC9 /* Catalog */ = {
			isa = PBXGroup;
			children = (
				958D0997254D346A00AD4849 /* CatalogView.swift */,
				958D099F254D444F00AD4849 /* OPView.swift */,
				95B7BE50256CBC4A00F75BC9 /* FavoriteStar.swift */,
			);
			path = Catalog;
			sourceTree = "<group>";
		};
		95B7BE43256CBBCA00F75BC9 /* Boards */ = {
			isa = PBXGroup;
			children = (
				95181792254CFB600032616E /* BoardsView.swift */,
				955814B7254D24B900A966BA /* BoardView.swift */,
			);
			path = Boards;
			sourceTree = "<group>";
		};
		95B7BE44256CBBE200F75BC9 /* Thread */ = {
			isa = PBXGroup;
			children = (
				9599CA95254DF8C0002EB026 /* ThreadView.swift */,
				9599CA9F254DFDA1002EB026 /* PostView.swift */,
				95D804D22568A553005A3128 /* PresentedPost.swift */,
				95D804CD25677FF4005A3128 /* RepliesView.swift */,
			);
			path = Thread;
			sourceTree = "<group>";
		};
		95C73101256C9D8B00F18257 /* Environment */ = {
			isa = PBXGroup;
			children = (
				95C73105256CA1F700F18257 /* UserSettings.swift */,
				9524E19E256F272200D08075 /* AppState.swift */,
			);
			path = Environment;
			sourceTree = "<group>";
		};
		95D804E02568F9BA005A3128 /* Extensions */ = {
			isa = PBXGroup;
			children = (
				9524E1A9256F87EA00D08075 /* CoreExtensions.swift */,
				95D804E12568F9D8005A3128 /* View.swift */,
			);
			path = Extensions;
			sourceTree = "<group>";
		};
		95D86F6F25EA301A005A7EBC /* Utility */ = {
			isa = PBXGroup;
			children = (
				9524E1AE256F8E4D00D08075 /* Blur.swift */,
				9506585B2627D56A008FD1B0 /* ActivityIndicator.swift */,
			);
			path = Utility;
			sourceTree = "<group>";
		};
		FF4A11C5390644ACDA29A498 /* Pods */ = {
			isa = PBXGroup;
			children = (
				7BAFA14BF91D84A2CB55CB29 /* Pods-swiftchan.debug.xcconfig */,
				B1D6877C1883757C4378F554 /* Pods-swiftchan.release.xcconfig */,
			);
			path = Pods;
			sourceTree = "<group>";
		};
/* End PBXGroup section */

/* Begin PBXNativeTarget section */
		9518178C254CFB600032616E /* swiftchan */ = {
			isa = PBXNativeTarget;
			buildConfigurationList = 951817B2254CFB620032616E /* Build configuration list for PBXNativeTarget "swiftchan" */;
			buildPhases = (
				C2F625C2D45ACB3DBABACE10 /* [CP] Check Pods Manifest.lock */,
				9544236025C776A50019010B /* Run Swiftlint */,
				95181789254CFB600032616E /* Sources */,
				9518178A254CFB600032616E /* Frameworks */,
				9518178B254CFB600032616E /* Resources */,
				95D86F5E25EA2131005A7EBC /* Embed Frameworks */,
				B3A38E2CA3B07D2089F8A9DD /* [CP] Embed Pods Frameworks */,
			);
			buildRules = (
			);
			dependencies = (
			);
			name = swiftchan;
			packageProductDependencies = (
				952F72EB25D0608200762154 /* SwiftUIPager */,
				95B31D4525E2E3B400C309D4 /* Introspect */,
				95FFFB68263EF2AF00F4356C /* Kingfisher */,
				95D14F6026CC82A8007AF00F /* ToastUI */,
				95E210FB2701704300B8C96A /* FourChan */,
			);
			productName = swiftchan;
			productReference = 9518178D254CFB600032616E /* swiftchan.app */;
			productType = "com.apple.product-type.application";
		};
		9518179D254CFB620032616E /* swiftchanTests */ = {
			isa = PBXNativeTarget;
			buildConfigurationList = 951817B5254CFB620032616E /* Build configuration list for PBXNativeTarget "swiftchanTests" */;
			buildPhases = (
				9518179A254CFB620032616E /* Sources */,
				9518179B254CFB620032616E /* Frameworks */,
				9518179C254CFB620032616E /* Resources */,
			);
			buildRules = (
			);
			dependencies = (
				951817A0254CFB620032616E /* PBXTargetDependency */,
			);
			name = swiftchanTests;
			productName = swiftchanTests;
			productReference = 9518179E254CFB620032616E /* swiftchanTests.xctest */;
			productType = "com.apple.product-type.bundle.unit-test";
		};
		951817A8254CFB620032616E /* swiftchanUITests */ = {
			isa = PBXNativeTarget;
			buildConfigurationList = 951817B8254CFB620032616E /* Build configuration list for PBXNativeTarget "swiftchanUITests" */;
			buildPhases = (
				951817A5254CFB620032616E /* Sources */,
				951817A6254CFB620032616E /* Frameworks */,
				951817A7254CFB620032616E /* Resources */,
			);
			buildRules = (
			);
			dependencies = (
				951817AB254CFB620032616E /* PBXTargetDependency */,
			);
			name = swiftchanUITests;
			productName = swiftchanUITests;
			productReference = 951817A9254CFB620032616E /* swiftchanUITests.xctest */;
			productType = "com.apple.product-type.bundle.ui-testing";
		};
/* End PBXNativeTarget section */

/* Begin PBXProject section */
		95181785254CFB600032616E /* Project object */ = {
			isa = PBXProject;
			attributes = {
				LastSwiftUpdateCheck = 1200;
				LastUpgradeCheck = 1200;
				TargetAttributes = {
					9518178C254CFB600032616E = {
						CreatedOnToolsVersion = 12.0;
					};
					9518179D254CFB620032616E = {
						CreatedOnToolsVersion = 12.0;
						TestTargetID = 9518178C254CFB600032616E;
					};
					951817A8254CFB620032616E = {
						CreatedOnToolsVersion = 12.0;
						TestTargetID = 9518178C254CFB600032616E;
					};
				};
			};
			buildConfigurationList = 95181788254CFB600032616E /* Build configuration list for PBXProject "swiftchan" */;
			compatibilityVersion = "Xcode 9.3";
			developmentRegion = en;
			hasScannedForEncodings = 0;
			knownRegions = (
				en,
				Base,
			);
			mainGroup = 95181784254CFB600032616E;
			packageReferences = (
				952F72EA25D0608200762154 /* XCRemoteSwiftPackageReference "SwiftUIPager" */,
				95B31D4425E2E3B400C309D4 /* XCRemoteSwiftPackageReference "SwiftUI-Introspect" */,
				95FFFB67263EF2AF00F4356C /* XCRemoteSwiftPackageReference "Kingfisher" */,
				95D14F5F26CC82A8007AF00F /* XCRemoteSwiftPackageReference "ToastUI" */,
				95E210FA2701704300B8C96A /* XCRemoteSwiftPackageReference "FourChanAPI" */,
			);
			productRefGroup = 9518178E254CFB600032616E /* Products */;
			projectDirPath = "";
			projectRoot = "";
			targets = (
				9518178C254CFB600032616E /* swiftchan */,
				9518179D254CFB620032616E /* swiftchanTests */,
				951817A8254CFB620032616E /* swiftchanUITests */,
			);
		};
/* End PBXProject section */

/* Begin PBXResourcesBuildPhase section */
		9518178B254CFB600032616E /* Resources */ = {
			isa = PBXResourcesBuildPhase;
			buildActionMask = 2147483647;
			files = (
				95181798254CFB620032616E /* Preview Assets.xcassets in Resources */,
				95181795254CFB620032616E /* Assets.xcassets in Resources */,
			);
			runOnlyForDeploymentPostprocessing = 0;
		};
		9518179C254CFB620032616E /* Resources */ = {
			isa = PBXResourcesBuildPhase;
			buildActionMask = 2147483647;
			files = (
			);
			runOnlyForDeploymentPostprocessing = 0;
		};
		951817A7254CFB620032616E /* Resources */ = {
			isa = PBXResourcesBuildPhase;
			buildActionMask = 2147483647;
			files = (
			);
			runOnlyForDeploymentPostprocessing = 0;
		};
/* End PBXResourcesBuildPhase section */

/* Begin PBXShellScriptBuildPhase section */
		9544236025C776A50019010B /* Run Swiftlint */ = {
			isa = PBXShellScriptBuildPhase;
			buildActionMask = 2147483647;
			files = (
			);
			inputFileListPaths = (
			);
			inputPaths = (
			);
			name = "Run Swiftlint";
			outputFileListPaths = (
			);
			outputPaths = (
			);
			runOnlyForDeploymentPostprocessing = 0;
			shellPath = /bin/sh;
			shellScript = "# Type a script or drag a script file from your workspace to insert its path.\nif which ${PODS_ROOT}/SwiftLint/swiftlint >/dev/null; then\n  ${PODS_ROOT}/SwiftLint/swiftlint autocorrect && ${PODS_ROOT}/SwiftLint/swiftlint \nelse\n  echo \"warning: SwiftLint not installed, run pod install\"\nfi\n";
		};
		B3A38E2CA3B07D2089F8A9DD /* [CP] Embed Pods Frameworks */ = {
			isa = PBXShellScriptBuildPhase;
			buildActionMask = 2147483647;
			files = (
			);
			inputFileListPaths = (
				"${PODS_ROOT}/Target Support Files/Pods-swiftchan/Pods-swiftchan-frameworks-${CONFIGURATION}-input-files.xcfilelist",
			);
			name = "[CP] Embed Pods Frameworks";
			outputFileListPaths = (
				"${PODS_ROOT}/Target Support Files/Pods-swiftchan/Pods-swiftchan-frameworks-${CONFIGURATION}-output-files.xcfilelist",
			);
			runOnlyForDeploymentPostprocessing = 0;
			shellPath = /bin/sh;
			shellScript = "\"${PODS_ROOT}/Target Support Files/Pods-swiftchan/Pods-swiftchan-frameworks.sh\"\n";
			showEnvVarsInLog = 0;
		};
		C2F625C2D45ACB3DBABACE10 /* [CP] Check Pods Manifest.lock */ = {
			isa = PBXShellScriptBuildPhase;
			buildActionMask = 2147483647;
			files = (
			);
			inputFileListPaths = (
			);
			inputPaths = (
				"${PODS_PODFILE_DIR_PATH}/Podfile.lock",
				"${PODS_ROOT}/Manifest.lock",
			);
			name = "[CP] Check Pods Manifest.lock";
			outputFileListPaths = (
			);
			outputPaths = (
				"$(DERIVED_FILE_DIR)/Pods-swiftchan-checkManifestLockResult.txt",
			);
			runOnlyForDeploymentPostprocessing = 0;
			shellPath = /bin/sh;
			shellScript = "diff \"${PODS_PODFILE_DIR_PATH}/Podfile.lock\" \"${PODS_ROOT}/Manifest.lock\" > /dev/null\nif [ $? != 0 ] ; then\n    # print error to STDERR\n    echo \"error: The sandbox is not in sync with the Podfile.lock. Run 'pod install' or update your CocoaPods installation.\" >&2\n    exit 1\nfi\n# This output is used by Xcode 'outputs' to avoid re-running this script phase.\necho \"SUCCESS\" > \"${SCRIPT_OUTPUT_FILE_0}\"\n";
			showEnvVarsInLog = 0;
		};
/* End PBXShellScriptBuildPhase section */

/* Begin PBXSourcesBuildPhase section */
		95181789254CFB600032616E /* Sources */ = {
			isa = PBXSourcesBuildPhase;
			buildActionMask = 2147483647;
			files = (
				9524F4B62580545C0006395F /* FileExport.swift in Sources */,
				9574CDFE255E30E8000C99B6 /* ThreadViewModel.swift in Sources */,
				9599D62E2556661600BBC8B7 /* ImageView.swift in Sources */,
				9599D6292556655400BBC8B7 /* GalleryPreviewView.swift in Sources */,
				957B30472648C87600D2FDCA /* DownloadOperation.swift in Sources */,
				958934332558F5FC000DEEDC /* VLCPlayerControlsView.swift in Sources */,
				95181793254CFB600032616E /* BoardsView.swift in Sources */,
				95BEA02D2561816100F77A14 /* ThumbnailMediaView.swift in Sources */,
				95257D9125EF37F3003E0A59 /* DismissGesture.swift in Sources */,
				95105369256600C9002E4051 /* Post.swift in Sources */,
				958D09A0254D444F00AD4849 /* OPView.swift in Sources */,
				958D0998254D346A00AD4849 /* CatalogView.swift in Sources */,
				9524E1A5256F83D800D08075 /* PresentedPostDismissGesture.swift in Sources */,
				95C73106256CA1F700F18257 /* UserSettings.swift in Sources */,
				9506585C2627D56A008FD1B0 /* ActivityIndicator.swift in Sources */,
				951053712566018D002E4051 /* Board.swift in Sources */,
				95105379256608E5002E4051 /* CommentParser.swift in Sources */,
				9524E1AA256F87EA00D08075 /* CoreExtensions.swift in Sources */,
				9524E1AF256F8E4D00D08075 /* Blur.swift in Sources */,
				9582CB99255631B9008B235D /* VLCVideoView.swift in Sources */,
				9599CA96254DF8C0002EB026 /* ThreadView.swift in Sources */,
				95181791254CFB600032616E /* swiftchanApp.swift in Sources */,
				9587A51C255726D80028A143 /* CacheService.swift in Sources */,
				95D804CE25677FF4005A3128 /* RepliesView.swift in Sources */,
				9589342B2558ED11000DEEDC /* VLCContainerView.swift in Sources */,
				95D804E22568F9D8005A3128 /* View.swift in Sources */,
				950EB4DC256CBE08000703C0 /* PullToRefresh.swift in Sources */,
				95A94EFC2554F8D1001D155E /* GalleryView.swift in Sources */,
				95851DD625567314002CB2A1 /* MediaDetector.swift in Sources */,
				9574CE07255E34E8000C99B6 /* CatalogViewModel.swift in Sources */,
				958D2C99254D2DF200E54C41 /* ContentView.swift in Sources */,
				95B7BE51256CBC4A00F75BC9 /* FavoriteStar.swift in Sources */,
				9574CDF6255E254F000C99B6 /* FourchanService.swift in Sources */,
				95F9DE8625C90DB50043C704 /* VLCVideoViewModel.swift in Sources */,
				9574CDEE255E2350000C99B6 /* BoardsViewModel.swift in Sources */,
				95CE4FAA26ABD42500622F7E /* Colors.swift in Sources */,
				9520FDC52640FB4700F98FE9 /* VideoPrefetcher.swift in Sources */,
				95F76D8026D8801000F6A92F /* AccessibilityIdentifiers.swift in Sources */,
				953508F2263F557D00C7FE83 /* Prefetcher.swift in Sources */,
				955814B8254D24B900A966BA /* BoardView.swift in Sources */,
				95F62460255CE64400E9147B /* URLExamples.swift in Sources */,
				9599CAA0254DFDA1002EB026 /* PostView.swift in Sources */,
				95257D8D25EF2804003E0A59 /* PresentationState.swift in Sources */,
				95F7CFCD25639BD70063149B /* DateFormatterService.swift in Sources */,
				95D804D32568A553005A3128 /* PresentedPost.swift in Sources */,
				9524F4BB258054A60006395F /* MediaSaver.swift in Sources */,
				9524E19F256F272200D08075 /* AppState.swift in Sources */,
				956D9052256B18270000D84C /* Buildable.swift in Sources */,
				950E3940255CDA3B00A00A74 /* MediaView.swift in Sources */,
				9579F9F1263D1A1E007C70FC /* VLCVideo.swift in Sources */,
			);
			runOnlyForDeploymentPostprocessing = 0;
		};
		9518179A254CFB620032616E /* Sources */ = {
			isa = PBXSourcesBuildPhase;
			buildActionMask = 2147483647;
			files = (
				951817A3254CFB620032616E /* swiftchanTests.swift in Sources */,
			);
			runOnlyForDeploymentPostprocessing = 0;
		};
		951817A5254CFB620032616E /* Sources */ = {
			isa = PBXSourcesBuildPhase;
			buildActionMask = 2147483647;
			files = (
				95F76D8626D888BB00F6A92F /* swiftchanPerformanceTests.swift in Sources */,
				95F76D8126D8801000F6A92F /* AccessibilityIdentifiers.swift in Sources */,
				951817AE254CFB620032616E /* swiftchanUITests.swift in Sources */,
				95F76D8426D8830F00F6A92F /* XCUIApplication+Identifiers.swift in Sources */,
				95E4A06D26BB7A08007B1A38 /* XCUIApplication.swift in Sources */,
			);
			runOnlyForDeploymentPostprocessing = 0;
		};
/* End PBXSourcesBuildPhase section */

/* Begin PBXTargetDependency section */
		951817A0254CFB620032616E /* PBXTargetDependency */ = {
			isa = PBXTargetDependency;
			target = 9518178C254CFB600032616E /* swiftchan */;
			targetProxy = 9518179F254CFB620032616E /* PBXContainerItemProxy */;
		};
		951817AB254CFB620032616E /* PBXTargetDependency */ = {
			isa = PBXTargetDependency;
			target = 9518178C254CFB600032616E /* swiftchan */;
			targetProxy = 951817AA254CFB620032616E /* PBXContainerItemProxy */;
		};
/* End PBXTargetDependency section */

/* Begin XCBuildConfiguration section */
		951817B0254CFB620032616E /* Debug */ = {
			isa = XCBuildConfiguration;
			buildSettings = {
				ALWAYS_SEARCH_USER_PATHS = NO;
				CLANG_ANALYZER_NONNULL = YES;
				CLANG_ANALYZER_NUMBER_OBJECT_CONVERSION = YES_AGGRESSIVE;
				CLANG_CXX_LANGUAGE_STANDARD = "gnu++14";
				CLANG_CXX_LIBRARY = "libc++";
				CLANG_ENABLE_MODULES = YES;
				CLANG_ENABLE_OBJC_ARC = YES;
				CLANG_ENABLE_OBJC_WEAK = YES;
				CLANG_WARN_BLOCK_CAPTURE_AUTORELEASING = YES;
				CLANG_WARN_BOOL_CONVERSION = YES;
				CLANG_WARN_COMMA = YES;
				CLANG_WARN_CONSTANT_CONVERSION = YES;
				CLANG_WARN_DEPRECATED_OBJC_IMPLEMENTATIONS = YES;
				CLANG_WARN_DIRECT_OBJC_ISA_USAGE = YES_ERROR;
				CLANG_WARN_DOCUMENTATION_COMMENTS = YES;
				CLANG_WARN_EMPTY_BODY = YES;
				CLANG_WARN_ENUM_CONVERSION = YES;
				CLANG_WARN_INFINITE_RECURSION = YES;
				CLANG_WARN_INT_CONVERSION = YES;
				CLANG_WARN_NON_LITERAL_NULL_CONVERSION = YES;
				CLANG_WARN_OBJC_IMPLICIT_RETAIN_SELF = YES;
				CLANG_WARN_OBJC_LITERAL_CONVERSION = YES;
				CLANG_WARN_OBJC_ROOT_CLASS = YES_ERROR;
				CLANG_WARN_QUOTED_INCLUDE_IN_FRAMEWORK_HEADER = YES;
				CLANG_WARN_RANGE_LOOP_ANALYSIS = YES;
				CLANG_WARN_STRICT_PROTOTYPES = YES;
				CLANG_WARN_SUSPICIOUS_MOVE = YES;
				CLANG_WARN_UNGUARDED_AVAILABILITY = YES_AGGRESSIVE;
				CLANG_WARN_UNREACHABLE_CODE = YES;
				CLANG_WARN__DUPLICATE_METHOD_MATCH = YES;
				COPY_PHASE_STRIP = NO;
				DEBUG_INFORMATION_FORMAT = dwarf;
				ENABLE_BITCODE = NO;
				ENABLE_STRICT_OBJC_MSGSEND = YES;
				ENABLE_TESTABILITY = YES;
				GCC_C_LANGUAGE_STANDARD = gnu11;
				GCC_DYNAMIC_NO_PIC = NO;
				GCC_NO_COMMON_BLOCKS = YES;
				GCC_OPTIMIZATION_LEVEL = 0;
				GCC_PREPROCESSOR_DEFINITIONS = (
					"DEBUG=1",
					"$(inherited)",
				);
				GCC_WARN_64_TO_32_BIT_CONVERSION = YES;
				GCC_WARN_ABOUT_RETURN_TYPE = YES_ERROR;
				GCC_WARN_UNDECLARED_SELECTOR = YES;
				GCC_WARN_UNINITIALIZED_AUTOS = YES_AGGRESSIVE;
				GCC_WARN_UNUSED_FUNCTION = YES;
				GCC_WARN_UNUSED_VARIABLE = YES;
				IPHONEOS_DEPLOYMENT_TARGET = 15.0;
				MTL_ENABLE_DEBUG_INFO = INCLUDE_SOURCE;
				MTL_FAST_MATH = YES;
				ONLY_ACTIVE_ARCH = YES;
				OTHER_LDFLAGS = "-Wl,-no_compact_unwind";
				SDKROOT = iphoneos;
				SWIFT_ACTIVE_COMPILATION_CONDITIONS = DEBUG;
				SWIFT_OPTIMIZATION_LEVEL = "-Onone";
			};
			name = Debug;
		};
		951817B1254CFB620032616E /* Release */ = {
			isa = XCBuildConfiguration;
			buildSettings = {
				ALWAYS_SEARCH_USER_PATHS = NO;
				CLANG_ANALYZER_NONNULL = YES;
				CLANG_ANALYZER_NUMBER_OBJECT_CONVERSION = YES_AGGRESSIVE;
				CLANG_CXX_LANGUAGE_STANDARD = "gnu++14";
				CLANG_CXX_LIBRARY = "libc++";
				CLANG_ENABLE_MODULES = YES;
				CLANG_ENABLE_OBJC_ARC = YES;
				CLANG_ENABLE_OBJC_WEAK = YES;
				CLANG_WARN_BLOCK_CAPTURE_AUTORELEASING = YES;
				CLANG_WARN_BOOL_CONVERSION = YES;
				CLANG_WARN_COMMA = YES;
				CLANG_WARN_CONSTANT_CONVERSION = YES;
				CLANG_WARN_DEPRECATED_OBJC_IMPLEMENTATIONS = YES;
				CLANG_WARN_DIRECT_OBJC_ISA_USAGE = YES_ERROR;
				CLANG_WARN_DOCUMENTATION_COMMENTS = YES;
				CLANG_WARN_EMPTY_BODY = YES;
				CLANG_WARN_ENUM_CONVERSION = YES;
				CLANG_WARN_INFINITE_RECURSION = YES;
				CLANG_WARN_INT_CONVERSION = YES;
				CLANG_WARN_NON_LITERAL_NULL_CONVERSION = YES;
				CLANG_WARN_OBJC_IMPLICIT_RETAIN_SELF = YES;
				CLANG_WARN_OBJC_LITERAL_CONVERSION = YES;
				CLANG_WARN_OBJC_ROOT_CLASS = YES_ERROR;
				CLANG_WARN_QUOTED_INCLUDE_IN_FRAMEWORK_HEADER = YES;
				CLANG_WARN_RANGE_LOOP_ANALYSIS = YES;
				CLANG_WARN_STRICT_PROTOTYPES = YES;
				CLANG_WARN_SUSPICIOUS_MOVE = YES;
				CLANG_WARN_UNGUARDED_AVAILABILITY = YES_AGGRESSIVE;
				CLANG_WARN_UNREACHABLE_CODE = YES;
				CLANG_WARN__DUPLICATE_METHOD_MATCH = YES;
				COPY_PHASE_STRIP = NO;
				DEBUG_INFORMATION_FORMAT = "dwarf-with-dsym";
				ENABLE_BITCODE = NO;
				ENABLE_NS_ASSERTIONS = NO;
				ENABLE_STRICT_OBJC_MSGSEND = YES;
				GCC_C_LANGUAGE_STANDARD = gnu11;
				GCC_NO_COMMON_BLOCKS = YES;
				GCC_WARN_64_TO_32_BIT_CONVERSION = YES;
				GCC_WARN_ABOUT_RETURN_TYPE = YES_ERROR;
				GCC_WARN_UNDECLARED_SELECTOR = YES;
				GCC_WARN_UNINITIALIZED_AUTOS = YES_AGGRESSIVE;
				GCC_WARN_UNUSED_FUNCTION = YES;
				GCC_WARN_UNUSED_VARIABLE = YES;
				IPHONEOS_DEPLOYMENT_TARGET = 15.0;
				MTL_ENABLE_DEBUG_INFO = NO;
				MTL_FAST_MATH = YES;
				OTHER_LDFLAGS = "-Wl,-no_compact_unwind";
				SDKROOT = iphoneos;
				SWIFT_COMPILATION_MODE = wholemodule;
				SWIFT_OPTIMIZATION_LEVEL = "-O";
				VALIDATE_PRODUCT = YES;
			};
			name = Release;
		};
		951817B3254CFB620032616E /* Debug */ = {
			isa = XCBuildConfiguration;
			baseConfigurationReference = 7BAFA14BF91D84A2CB55CB29 /* Pods-swiftchan.debug.xcconfig */;
			buildSettings = {
				ASSETCATALOG_COMPILER_APPICON_NAME = AppIcon;
				ASSETCATALOG_COMPILER_GLOBAL_ACCENT_COLOR_NAME = AccentColor;
				CODE_SIGN_IDENTITY = "iPhone Developer";
				CODE_SIGN_STYLE = Manual;
				CURRENT_PROJECT_VERSION = 95;
				DEVELOPMENT_ASSET_PATHS = "\"swiftchan/Preview Content\"";
				DEVELOPMENT_TEAM = 8Q3RG3ULSU;
				ENABLE_BITCODE = NO;
				ENABLE_PREVIEWS = YES;
				INFOPLIST_FILE = swiftchan/Info.plist;
				IPHONEOS_DEPLOYMENT_TARGET = 15.0;
				LD_RUNPATH_SEARCH_PATHS = (
					"$(inherited)",
					"@executable_path/Frameworks",
				);
				PRODUCT_BUNDLE_IDENTIFIER = vanities.swiftchan;
				PRODUCT_NAME = "$(TARGET_NAME)";
				PROVISIONING_PROFILE_SPECIFIER = "match Development vanities.swiftchan";
				SWIFT_VERSION = 5.0;
				TARGETED_DEVICE_FAMILY = "1,2";
			};
			name = Debug;
		};
		951817B4254CFB620032616E /* Release */ = {
			isa = XCBuildConfiguration;
			baseConfigurationReference = B1D6877C1883757C4378F554 /* Pods-swiftchan.release.xcconfig */;
			buildSettings = {
				ASSETCATALOG_COMPILER_APPICON_NAME = AppIcon;
				ASSETCATALOG_COMPILER_GLOBAL_ACCENT_COLOR_NAME = AccentColor;
				CODE_SIGN_IDENTITY = "iPhone Distribution";
				CODE_SIGN_STYLE = Manual;
				CURRENT_PROJECT_VERSION = 95;
				DEVELOPMENT_ASSET_PATHS = "\"swiftchan/Preview Content\"";
				DEVELOPMENT_TEAM = 8Q3RG3ULSU;
				ENABLE_BITCODE = NO;
				ENABLE_PREVIEWS = YES;
				INFOPLIST_FILE = swiftchan/Info.plist;
				IPHONEOS_DEPLOYMENT_TARGET = 15.0;
				LD_RUNPATH_SEARCH_PATHS = (
					"$(inherited)",
					"@executable_path/Frameworks",
				);
				PRODUCT_BUNDLE_IDENTIFIER = vanities.swiftchan;
				PRODUCT_NAME = "$(TARGET_NAME)";
				PROVISIONING_PROFILE_SPECIFIER = "match AppStore vanities.swiftchan";
				SWIFT_VERSION = 5.0;
				TARGETED_DEVICE_FAMILY = "1,2";
			};
			name = Release;
		};
		951817B6254CFB620032616E /* Debug */ = {
			isa = XCBuildConfiguration;
			buildSettings = {
				ALWAYS_EMBED_SWIFT_STANDARD_LIBRARIES = YES;
				BUNDLE_LOADER = "$(TEST_HOST)";
				CODE_SIGN_STYLE = Automatic;
				DEVELOPMENT_TEAM = 8Q3RG3ULSU;
				INFOPLIST_FILE = swiftchanTests/Info.plist;
				IPHONEOS_DEPLOYMENT_TARGET = 15.0;
				LD_RUNPATH_SEARCH_PATHS = (
					"$(inherited)",
					"@executable_path/Frameworks",
					"@loader_path/Frameworks",
				);
				PRODUCT_BUNDLE_IDENTIFIER = vanities.swiftchanTests;
				PRODUCT_NAME = "$(TARGET_NAME)";
				SWIFT_VERSION = 5.0;
				TARGETED_DEVICE_FAMILY = "1,2";
				TEST_HOST = "$(BUILT_PRODUCTS_DIR)/swiftchan.app/swiftchan";
			};
			name = Debug;
		};
		951817B7254CFB620032616E /* Release */ = {
			isa = XCBuildConfiguration;
			buildSettings = {
				ALWAYS_EMBED_SWIFT_STANDARD_LIBRARIES = YES;
				BUNDLE_LOADER = "$(TEST_HOST)";
				CODE_SIGN_STYLE = Automatic;
				DEVELOPMENT_TEAM = 8Q3RG3ULSU;
				INFOPLIST_FILE = swiftchanTests/Info.plist;
				IPHONEOS_DEPLOYMENT_TARGET = 15.0;
				LD_RUNPATH_SEARCH_PATHS = (
					"$(inherited)",
					"@executable_path/Frameworks",
					"@loader_path/Frameworks",
				);
				PRODUCT_BUNDLE_IDENTIFIER = vanities.swiftchanTests;
				PRODUCT_NAME = "$(TARGET_NAME)";
				SWIFT_VERSION = 5.0;
				TARGETED_DEVICE_FAMILY = "1,2";
				TEST_HOST = "$(BUILT_PRODUCTS_DIR)/swiftchan.app/swiftchan";
			};
			name = Release;
		};
		951817B9254CFB620032616E /* Debug */ = {
			isa = XCBuildConfiguration;
			buildSettings = {
				ALWAYS_EMBED_SWIFT_STANDARD_LIBRARIES = YES;
				CODE_SIGN_STYLE = Automatic;
				DEVELOPMENT_TEAM = 8Q3RG3ULSU;
				INFOPLIST_FILE = swiftchanUITests/Info.plist;
				LD_RUNPATH_SEARCH_PATHS = (
					"$(inherited)",
					"@executable_path/Frameworks",
					"@loader_path/Frameworks",
				);
				PRODUCT_BUNDLE_IDENTIFIER = vanities.swiftchanUITests;
				PRODUCT_NAME = "$(TARGET_NAME)";
				SWIFT_VERSION = 5.0;
				TARGETED_DEVICE_FAMILY = "1,2";
				TEST_TARGET_NAME = swiftchan;
			};
			name = Debug;
		};
		951817BA254CFB620032616E /* Release */ = {
			isa = XCBuildConfiguration;
			buildSettings = {
				ALWAYS_EMBED_SWIFT_STANDARD_LIBRARIES = YES;
				CODE_SIGN_STYLE = Automatic;
				DEVELOPMENT_TEAM = 8Q3RG3ULSU;
				INFOPLIST_FILE = swiftchanUITests/Info.plist;
				LD_RUNPATH_SEARCH_PATHS = (
					"$(inherited)",
					"@executable_path/Frameworks",
					"@loader_path/Frameworks",
				);
				PRODUCT_BUNDLE_IDENTIFIER = vanities.swiftchanUITests;
				PRODUCT_NAME = "$(TARGET_NAME)";
				SWIFT_VERSION = 5.0;
				TARGETED_DEVICE_FAMILY = "1,2";
				TEST_TARGET_NAME = swiftchan;
			};
			name = Release;
		};
/* End XCBuildConfiguration section */

/* Begin XCConfigurationList section */
		95181788254CFB600032616E /* Build configuration list for PBXProject "swiftchan" */ = {
			isa = XCConfigurationList;
			buildConfigurations = (
				951817B0254CFB620032616E /* Debug */,
				951817B1254CFB620032616E /* Release */,
			);
			defaultConfigurationIsVisible = 0;
			defaultConfigurationName = Release;
		};
		951817B2254CFB620032616E /* Build configuration list for PBXNativeTarget "swiftchan" */ = {
			isa = XCConfigurationList;
			buildConfigurations = (
				951817B3254CFB620032616E /* Debug */,
				951817B4254CFB620032616E /* Release */,
			);
			defaultConfigurationIsVisible = 0;
			defaultConfigurationName = Release;
		};
		951817B5254CFB620032616E /* Build configuration list for PBXNativeTarget "swiftchanTests" */ = {
			isa = XCConfigurationList;
			buildConfigurations = (
				951817B6254CFB620032616E /* Debug */,
				951817B7254CFB620032616E /* Release */,
			);
			defaultConfigurationIsVisible = 0;
			defaultConfigurationName = Release;
		};
		951817B8254CFB620032616E /* Build configuration list for PBXNativeTarget "swiftchanUITests" */ = {
			isa = XCConfigurationList;
			buildConfigurations = (
				951817B9254CFB620032616E /* Debug */,
				951817BA254CFB620032616E /* Release */,
			);
			defaultConfigurationIsVisible = 0;
			defaultConfigurationName = Release;
		};
/* End XCConfigurationList section */

/* Begin XCRemoteSwiftPackageReference section */
		952F72EA25D0608200762154 /* XCRemoteSwiftPackageReference "SwiftUIPager" */ = {
			isa = XCRemoteSwiftPackageReference;
			repositoryURL = "git@github.com:fermoya/SwiftUIPager.git";
			requirement = {
				kind = upToNextMajorVersion;
				minimumVersion = 2.0.0;
			};
		};
		95B31D4425E2E3B400C309D4 /* XCRemoteSwiftPackageReference "SwiftUI-Introspect" */ = {
			isa = XCRemoteSwiftPackageReference;
			repositoryURL = "git@github.com:siteline/SwiftUI-Introspect.git";
			requirement = {
				kind = upToNextMajorVersion;
				minimumVersion = 0.1.2;
			};
		};
		95D14F5F26CC82A8007AF00F /* XCRemoteSwiftPackageReference "ToastUI" */ = {
			isa = XCRemoteSwiftPackageReference;
			repositoryURL = "https://github.com/quanshousio/ToastUI";
			requirement = {
				kind = upToNextMajorVersion;
				minimumVersion = 2.0.0;
			};
		};
		95E210FA2701704300B8C96A /* XCRemoteSwiftPackageReference "FourChanAPI" */ = {
			isa = XCRemoteSwiftPackageReference;
			repositoryURL = "https://github.com/jackpal/FourChanAPI";
			requirement = {
				kind = upToNextMajorVersion;
				minimumVersion = 1.0.0;
			};
		};
		95FFFB67263EF2AF00F4356C /* XCRemoteSwiftPackageReference "Kingfisher" */ = {
			isa = XCRemoteSwiftPackageReference;
			repositoryURL = "https://github.com/onevcat/Kingfisher.git";
			requirement = {
				kind = revision;
				revision = 0f55a9cb7c0bd2c0785c4fe91f80c3ebc872ab4a;
			};
		};
/* End XCRemoteSwiftPackageReference section */

/* Begin XCSwiftPackageProductDependency section */
		952F72EB25D0608200762154 /* SwiftUIPager */ = {
			isa = XCSwiftPackageProductDependency;
			package = 952F72EA25D0608200762154 /* XCRemoteSwiftPackageReference "SwiftUIPager" */;
			productName = SwiftUIPager;
		};
		95B31D4525E2E3B400C309D4 /* Introspect */ = {
			isa = XCSwiftPackageProductDependency;
			package = 95B31D4425E2E3B400C309D4 /* XCRemoteSwiftPackageReference "SwiftUI-Introspect" */;
			productName = Introspect;
		};
		95D14F6026CC82A8007AF00F /* ToastUI */ = {
			isa = XCSwiftPackageProductDependency;
			package = 95D14F5F26CC82A8007AF00F /* XCRemoteSwiftPackageReference "ToastUI" */;
			productName = ToastUI;
		};
		95E210FB2701704300B8C96A /* FourChan */ = {
			isa = XCSwiftPackageProductDependency;
			package = 95E210FA2701704300B8C96A /* XCRemoteSwiftPackageReference "FourChanAPI" */;
			productName = FourChan;
		};
		95FFFB68263EF2AF00F4356C /* Kingfisher */ = {
			isa = XCSwiftPackageProductDependency;
			package = 95FFFB67263EF2AF00F4356C /* XCRemoteSwiftPackageReference "Kingfisher" */;
			productName = Kingfisher;
		};
/* End XCSwiftPackageProductDependency section */
	};
	rootObject = 95181785254CFB600032616E /* Project object */;
}
