{
  "originHash" : "f2b7b648a73ef5a558431265b3418dcb4459e52ade04c078146cf0bac6490c40",
  "pins" : [
    {
      "identity" : "confettiswiftui",
      "kind" : "remoteSourceControl",
      "location" : "https://github.com/simibac/ConfettiSwiftUI.git",
      "state" : {
        "branch" : "master",
        "revision" : "9ae5bc2ce2149980884d4612321c3a266d6bf82c"
      }
    },
    {
      "identity" : "defaults",
      "kind" : "remoteSourceControl",
      "location" : "git@github.com:sindresorhus/Defaults.git",
      "state" : {
        "revision" : "38925e3cfacf3fb89a81a35b1cd44fd5a5b7e0fa",
        "version" : "8.2.0"
      }
    },
    {
      "identity" : "ffmpegkit",
      "kind" : "remoteSourceControl",
      "location" : "https://github.com/kingslay/FFmpegKit.git",
      "state" : {
        "revision" : "85b77c589de0360c111de16752db86b60496d70b",
        "version" : "6.1.3"
      }
    },
    {
      "identity" : "fourchanapi",
      "kind" : "remoteSourceControl",
      "location" : "https://github.com/vanities/FourChanAPI.git",
      "state" : {
        "revision" : "fbc942c4a23fec2801b2d498350a30e19f5fd9b4",
        "version" : "1.3.0"
      }
    },
    {
      "identity" : "kingfisher",
      "kind" : "remoteSourceControl",
      "location" : "git@github.com:onevcat/Kingfisher.git",
      "state" : {
        "revision" : "2ef543ee21d63734e1c004ad6c870255e8716c50",
        "version" : "7.12.0"
      }
    },
    {
      "identity" : "ksplayer",
      "kind" : "remoteSourceControl",
      "location" : "https://github.com/kingslay/KSPlayer.git",
      "state" : {
        "branch" : "main",
        "revision" : "bb6d367c02f3247ef3f328dc0cfea34e77aef7c5"
      }
    },
    {
      "identity" : "swiftui-introspect",
      "kind" : "remoteSourceControl",
      "location" : "git@github.com:siteline/swiftui-introspect.git",
      "state" : {
        "revision" : "a08b87f96b41055577721a6e397562b21ad52454",
        "version" : "26.0.0"
      }
    }
  ],
  "version" : 3
}
