{
  "object": {
    "pins": [
      {
        "package": "Alamofire",
        "repositoryURL": "https://github.com/Alamofire/Alamofire",
        "state": {
          "branch": null,
          "revision": "097e1f03166d49b31f824507fb85ad843b14fc13",
          "version": "5.3.0"
        }
      },
      {
        "package": "FourChan",
        "repositoryURL": "https://github.com/jackpal/FourChanAPI",
        "state": {
          "branch": null,
          "revision": "5effc804c3d06bfb3344645f39e1fc4466d81706",
          "version": "1.1.24"
        }
      },
      {
        "package": "Request",
        "repositoryURL": "https://github.com/carson-katri/swift-request",
        "state": {
          "branch": null,
          "revision": "1b4493f01e4d968ab17ed5e17a91a117a22d636f",
          "version": "1.3.0"
        }
      },
      {
        "package": "SwiftSoup",
        "repositoryURL": "https://github.com/scinfu/SwiftSoup",
        "state": {
          "branch": null,
          "revision": "774dc9c7213085db8aa59595e27c1cd22e428904",
          "version": "2.3.2"
        }
      },
      {
        "package": "URLImage",
        "repositoryURL": "https://github.com/dmytro-anokhin/url-image",
        "state": {
          "branch": null,
          "revision": "ca1792a46bd2d7d28728c7465ff90da07a8ed1c7",
          "version": "2.1.1"
        }
      }
    ]
  },
  "version": 1
}
